// !$*UTF8*$!
{
	archiveVersion = 1;
	classes = {
	};
	objectVersion = 56;
	objects = {

/* Begin PBXBuildFile section */
		1768EFDE2C367030001403DD /* LogInView.swift in Sources */ = {isa = PBXBuildFile; fileRef = 1768EFDD2C367030001403DD /* LogInView.swift */; };
		1768EFE02C367117001403DD /* HomeView.swift in Sources */ = {isa = PBXBuildFile; fileRef = 1768EFDF2C367117001403DD /* HomeView.swift */; };
		1768EFE22C367172001403DD /* RequestsView.swift in Sources */ = {isa = PBXBuildFile; fileRef = 1768EFE12C367172001403DD /* RequestsView.swift */; };
		178156EE2C36B10000D3DE88 /* EducatorCardView.swift in Sources */ = {isa = PBXBuildFile; fileRef = 178156ED2C36B10000D3DE88 /* EducatorCardView.swift */; };
		178156F02C36B12600D3DE88 /* CourseCardView.swift in Sources */ = {isa = PBXBuildFile; fileRef = 178156EF2C36B12600D3DE88 /* CourseCardView.swift */; };
		178156F22C36C7BB00D3DE88 /* Course.swift in Sources */ = {isa = PBXBuildFile; fileRef = 178156F12C36C7BB00D3DE88 /* Course.swift */; };
		178156F42C36C99D00D3DE88 /* CoursesView.swift in Sources */ = {isa = PBXBuildFile; fileRef = 178156F32C36C99D00D3DE88 /* CoursesView.swift */; };
		178156FC2C37139200D3DE88 /* EducatorModel.swift in Sources */ = {isa = PBXBuildFile; fileRef = 178156FB2C37139200D3DE88 /* EducatorModel.swift */; };
		178156FE2C3713B100D3DE88 /* EducatorDetailView.swift in Sources */ = {isa = PBXBuildFile; fileRef = 178156FD2C3713B100D3DE88 /* EducatorDetailView.swift */; };
		178157002C3713E900D3DE88 /* EducatorsView.swift in Sources */ = {isa = PBXBuildFile; fileRef = 178156FF2C3713E900D3DE88 /* EducatorsView.swift */; };
		178157022C3717FD00D3DE88 /* EducatorsListView.swift in Sources */ = {isa = PBXBuildFile; fileRef = 178157012C3717FD00D3DE88 /* EducatorsListView.swift */; };
		A98806842C3564A1005D2F17 /* EduMatrix_AdminApp.swift in Sources */ = {isa = PBXBuildFile; fileRef = A98806832C3564A1005D2F17 /* EduMatrix_AdminApp.swift */; };
		A98806862C3564A1005D2F17 /* ContentView.swift in Sources */ = {isa = PBXBuildFile; fileRef = A98806852C3564A1005D2F17 /* ContentView.swift */; };
		A98806882C3564A3005D2F17 /* Assets.xcassets in Resources */ = {isa = PBXBuildFile; fileRef = A98806872C3564A3005D2F17 /* Assets.xcassets */; };
		A988068B2C3564A3005D2F17 /* Preview Assets.xcassets in Resources */ = {isa = PBXBuildFile; fileRef = A988068A2C3564A3005D2F17 /* Preview Assets.xcassets */; };
/* End PBXBuildFile section */

/* Begin PBXFileReference section */
		1768EFDD2C367030001403DD /* LogInView.swift */ = {isa = PBXFileReference; lastKnownFileType = sourcecode.swift; path = LogInView.swift; sourceTree = "<group>"; };
		1768EFDF2C367117001403DD /* HomeView.swift */ = {isa = PBXFileReference; lastKnownFileType = sourcecode.swift; path = HomeView.swift; sourceTree = "<group>"; };
		1768EFE12C367172001403DD /* RequestsView.swift */ = {isa = PBXFileReference; lastKnownFileType = sourcecode.swift; path = RequestsView.swift; sourceTree = "<group>"; };
		178156ED2C36B10000D3DE88 /* EducatorCardView.swift */ = {isa = PBXFileReference; lastKnownFileType = sourcecode.swift; path = EducatorCardView.swift; sourceTree = "<group>"; };
		178156EF2C36B12600D3DE88 /* CourseCardView.swift */ = {isa = PBXFileReference; lastKnownFileType = sourcecode.swift; path = CourseCardView.swift; sourceTree = "<group>"; };
		178156F12C36C7BB00D3DE88 /* Course.swift */ = {isa = PBXFileReference; lastKnownFileType = sourcecode.swift; path = Course.swift; sourceTree = "<group>"; };
		178156F32C36C99D00D3DE88 /* CoursesView.swift */ = {isa = PBXFileReference; lastKnownFileType = sourcecode.swift; path = CoursesView.swift; sourceTree = "<group>"; };
		178156FB2C37139200D3DE88 /* EducatorModel.swift */ = {isa = PBXFileReference; lastKnownFileType = sourcecode.swift; path = EducatorModel.swift; sourceTree = "<group>"; };
		178156FD2C3713B100D3DE88 /* EducatorDetailView.swift */ = {isa = PBXFileReference; lastKnownFileType = sourcecode.swift; path = EducatorDetailView.swift; sourceTree = "<group>"; };
		178156FF2C3713E900D3DE88 /* EducatorsView.swift */ = {isa = PBXFileReference; lastKnownFileType = sourcecode.swift; path = EducatorsView.swift; sourceTree = "<group>"; };
		178157012C3717FD00D3DE88 /* EducatorsListView.swift */ = {isa = PBXFileReference; lastKnownFileType = sourcecode.swift; path = EducatorsListView.swift; sourceTree = "<group>"; };
		A98806802C3564A1005D2F17 /* EduMatrix Admin.app */ = {isa = PBXFileReference; explicitFileType = wrapper.application; includeInIndex = 0; path = "EduMatrix Admin.app"; sourceTree = BUILT_PRODUCTS_DIR; };
		A98806832C3564A1005D2F17 /* EduMatrix_AdminApp.swift */ = {isa = PBXFileReference; lastKnownFileType = sourcecode.swift; path = EduMatrix_AdminApp.swift; sourceTree = "<group>"; };
		A98806852C3564A1005D2F17 /* ContentView.swift */ = {isa = PBXFileReference; lastKnownFileType = sourcecode.swift; path = ContentView.swift; sourceTree = "<group>"; };
		A98806872C3564A3005D2F17 /* Assets.xcassets */ = {isa = PBXFileReference; lastKnownFileType = folder.assetcatalog; path = Assets.xcassets; sourceTree = "<group>"; };
		A988068A2C3564A3005D2F17 /* Preview Assets.xcassets */ = {isa = PBXFileReference; lastKnownFileType = folder.assetcatalog; path = "Preview Assets.xcassets"; sourceTree = "<group>"; };
/* End PBXFileReference section */

/* Begin PBXFrameworksBuildPhase section */
		A988067D2C3564A1005D2F17 /* Frameworks */ = {
			isa = PBXFrameworksBuildPhase;
			buildActionMask = 2147483647;
			files = (
			);
			runOnlyForDeploymentPostprocessing = 0;
		};
/* End PBXFrameworksBuildPhase section */

/* Begin PBXGroup section */
		A98806772C3564A1005D2F17 = {
			isa = PBXGroup;
			children = (
				A98806822C3564A1005D2F17 /* EduMatrix Admin */,
				A98806812C3564A1005D2F17 /* Products */,
			);
			sourceTree = "<group>";
		};
		A98806812C3564A1005D2F17 /* Products */ = {
			isa = PBXGroup;
			children = (
				A98806802C3564A1005D2F17 /* EduMatrix Admin.app */,
			);
			name = Products;
			sourceTree = "<group>";
		};
		A98806822C3564A1005D2F17 /* EduMatrix Admin */ = {
			isa = PBXGroup;
			children = (
				A98806832C3564A1005D2F17 /* EduMatrix_AdminApp.swift */,
				A98806852C3564A1005D2F17 /* ContentView.swift */,
				1768EFDD2C367030001403DD /* LogInView.swift */,
				1768EFDF2C367117001403DD /* HomeView.swift */,
				1768EFE12C367172001403DD /* RequestsView.swift */,
				178156ED2C36B10000D3DE88 /* EducatorCardView.swift */,
				178157012C3717FD00D3DE88 /* EducatorsListView.swift */,
				178156FF2C3713E900D3DE88 /* EducatorsView.swift */,
				178156FB2C37139200D3DE88 /* EducatorModel.swift */,
				178156FD2C3713B100D3DE88 /* EducatorDetailView.swift */,
				178156EF2C36B12600D3DE88 /* CourseCardView.swift */,
				178156F32C36C99D00D3DE88 /* CoursesView.swift */,
				178156F12C36C7BB00D3DE88 /* Course.swift */,
				A98806872C3564A3005D2F17 /* Assets.xcassets */,
				A98806892C3564A3005D2F17 /* Preview Content */,
			);
			path = "EduMatrix Admin";
			sourceTree = "<group>";
		};
		A98806892C3564A3005D2F17 /* Preview Content */ = {
			isa = PBXGroup;
			children = (
				A988068A2C3564A3005D2F17 /* Preview Assets.xcassets */,
			);
			path = "Preview Content";
			sourceTree = "<group>";
		};
/* End PBXGroup section */

/* Begin PBXNativeTarget section */
		A988067F2C3564A1005D2F17 /* EduMatrix Admin */ = {
			isa = PBXNativeTarget;
			buildConfigurationList = A988068E2C3564A3005D2F17 /* Build configuration list for PBXNativeTarget "EduMatrix Admin" */;
			buildPhases = (
				A988067C2C3564A1005D2F17 /* Sources */,
				A988067D2C3564A1005D2F17 /* Frameworks */,
				A988067E2C3564A1005D2F17 /* Resources */,
			);
			buildRules = (
			);
			dependencies = (
			);
			name = "EduMatrix Admin";
			productName = "EduMatrix Admin";
			productReference = A98806802C3564A1005D2F17 /* EduMatrix Admin.app */;
			productType = "com.apple.product-type.application";
		};
/* End PBXNativeTarget section */

/* Begin PBXProject section */
		A98806782C3564A1005D2F17 /* Project object */ = {
			isa = PBXProject;
			attributes = {
				BuildIndependentTargetsInParallel = 1;
				LastSwiftUpdateCheck = 1540;
				LastUpgradeCheck = 1540;
				TargetAttributes = {
					A988067F2C3564A1005D2F17 = {
						CreatedOnToolsVersion = 15.4;
					};
				};
			};
			buildConfigurationList = A988067B2C3564A1005D2F17 /* Build configuration list for PBXProject "EduMatrix Admin" */;
			compatibilityVersion = "Xcode 14.0";
			developmentRegion = en;
			hasScannedForEncodings = 0;
			knownRegions = (
				en,
				Base,
			);
			mainGroup = A98806772C3564A1005D2F17;
			productRefGroup = A98806812C3564A1005D2F17 /* Products */;
			projectDirPath = "";
			projectRoot = "";
			targets = (
				A988067F2C3564A1005D2F17 /* EduMatrix Admin */,
			);
		};
/* End PBXProject section */

/* Begin PBXResourcesBuildPhase section */
		A988067E2C3564A1005D2F17 /* Resources */ = {
			isa = PBXResourcesBuildPhase;
			buildActionMask = 2147483647;
			files = (
				A988068B2C3564A3005D2F17 /* Preview Assets.xcassets in Resources */,
				A98806882C3564A3005D2F17 /* Assets.xcassets in Resources */,
			);
			runOnlyForDeploymentPostprocessing = 0;
		};
/* End PBXResourcesBuildPhase section */

/* Begin PBXSourcesBuildPhase section */
		A988067C2C3564A1005D2F17 /* Sources */ = {
			isa = PBXSourcesBuildPhase;
			buildActionMask = 2147483647;
			files = (
				178156F22C36C7BB00D3DE88 /* Course.swift in Sources */,
				178156FE2C3713B100D3DE88 /* EducatorDetailView.swift in Sources */,
				1768EFDE2C367030001403DD /* LogInView.swift in Sources */,
				178157002C3713E900D3DE88 /* EducatorsView.swift in Sources */,
				1768EFE22C367172001403DD /* RequestsView.swift in Sources */,
				1768EFE02C367117001403DD /* HomeView.swift in Sources */,
				178156FC2C37139200D3DE88 /* EducatorModel.swift in Sources */,
				178156EE2C36B10000D3DE88 /* EducatorCardView.swift in Sources */,
				A98806862C3564A1005D2F17 /* ContentView.swift in Sources */,
				178156F02C36B12600D3DE88 /* CourseCardView.swift in Sources */,
				A98806842C3564A1005D2F17 /* EduMatrix_AdminApp.swift in Sources */,
				178157022C3717FD00D3DE88 /* EducatorsListView.swift in Sources */,
				178156F42C36C99D00D3DE88 /* CoursesView.swift in Sources */,
			);
			runOnlyForDeploymentPostprocessing = 0;
		};
/* End PBXSourcesBuildPhase section */

/* Begin XCBuildConfiguration section */
		A988068C2C3564A3005D2F17 /* Debug */ = {
			isa = XCBuildConfiguration;
			buildSettings = {
				ALWAYS_SEARCH_USER_PATHS = NO;
				ASSETCATALOG_COMPILER_GENERATE_SWIFT_ASSET_SYMBOL_EXTENSIONS = YES;
				CLANG_ANALYZER_NONNULL = YES;
				CLANG_ANALYZER_NUMBER_OBJECT_CONVERSION = YES_AGGRESSIVE;
				CLANG_CXX_LANGUAGE_STANDARD = "gnu++20";
				CLANG_ENABLE_MODULES = YES;
				CLANG_ENABLE_OBJC_ARC = YES;
				CLANG_ENABLE_OBJC_WEAK = YES;
				CLANG_WARN_BLOCK_CAPTURE_AUTORELEASING = YES;
				CLANG_WARN_BOOL_CONVERSION = YES;
				CLANG_WARN_COMMA = YES;
				CLANG_WARN_CONSTANT_CONVERSION = YES;
				CLANG_WARN_DEPRECATED_OBJC_IMPLEMENTATIONS = YES;
				CLANG_WARN_DIRECT_OBJC_ISA_USAGE = YES_ERROR;
				CLANG_WARN_DOCUMENTATION_COMMENTS = YES;
				CLANG_WARN_EMPTY_BODY = YES;
				CLANG_WARN_ENUM_CONVERSION = YES;
				CLANG_WARN_INFINITE_RECURSION = YES;
				CLANG_WARN_INT_CONVERSION = YES;
				CLANG_WARN_NON_LITERAL_NULL_CONVERSION = YES;
				CLANG_WARN_OBJC_IMPLICIT_RETAIN_SELF = YES;
				CLANG_WARN_OBJC_LITERAL_CONVERSION = YES;
				CLANG_WARN_OBJC_ROOT_CLASS = YES_ERROR;
				CLANG_WARN_QUOTED_INCLUDE_IN_FRAMEWORK_HEADER = YES;
				CLANG_WARN_RANGE_LOOP_ANALYSIS = YES;
				CLANG_WARN_STRICT_PROTOTYPES = YES;
				CLANG_WARN_SUSPICIOUS_MOVE = YES;
				CLANG_WARN_UNGUARDED_AVAILABILITY = YES_AGGRESSIVE;
				CLANG_WARN_UNREACHABLE_CODE = YES;
				CLANG_WARN__DUPLICATE_METHOD_MATCH = YES;
				COPY_PHASE_STRIP = NO;
				DEBUG_INFORMATION_FORMAT = dwarf;
				ENABLE_STRICT_OBJC_MSGSEND = YES;
				ENABLE_TESTABILITY = YES;
				ENABLE_USER_SCRIPT_SANDBOXING = YES;
				GCC_C_LANGUAGE_STANDARD = gnu17;
				GCC_DYNAMIC_NO_PIC = NO;
				GCC_NO_COMMON_BLOCKS = YES;
				GCC_OPTIMIZATION_LEVEL = 0;
				GCC_PREPROCESSOR_DEFINITIONS = (
					"DEBUG=1",
					"$(inherited)",
				);
				GCC_WARN_64_TO_32_BIT_CONVERSION = YES;
				GCC_WARN_ABOUT_RETURN_TYPE = YES_ERROR;
				GCC_WARN_UNDECLARED_SELECTOR = YES;
				GCC_WARN_UNINITIALIZED_AUTOS = YES_AGGRESSIVE;
				GCC_WARN_UNUSED_FUNCTION = YES;
				GCC_WARN_UNUSED_VARIABLE = YES;
				IPHONEOS_DEPLOYMENT_TARGET = 17.5;
				LOCALIZATION_PREFERS_STRING_CATALOGS = YES;
				MTL_ENABLE_DEBUG_INFO = INCLUDE_SOURCE;
				MTL_FAST_MATH = YES;
				ONLY_ACTIVE_ARCH = YES;
				SDKROOT = iphoneos;
				SWIFT_ACTIVE_COMPILATION_CONDITIONS = "DEBUG $(inherited)";
				SWIFT_OPTIMIZATION_LEVEL = "-Onone";
			};
			name = Debug;
		};
		A988068D2C3564A3005D2F17 /* Release */ = {
			isa = XCBuildConfiguration;
			buildSettings = {
				ALWAYS_SEARCH_USER_PATHS = NO;
				ASSETCATALOG_COMPILER_GENERATE_SWIFT_ASSET_SYMBOL_EXTENSIONS = YES;
				CLANG_ANALYZER_NONNULL = YES;
				CLANG_ANALYZER_NUMBER_OBJECT_CONVERSION = YES_AGGRESSIVE;
				CLANG_CXX_LANGUAGE_STANDARD = "gnu++20";
				CLANG_ENABLE_MODULES = YES;
				CLANG_ENABLE_OBJC_ARC = YES;
				CLANG_ENABLE_OBJC_WEAK = YES;
				CLANG_WARN_BLOCK_CAPTURE_AUTORELEASING = YES;
				CLANG_WARN_BOOL_CONVERSION = YES;
				CLANG_WARN_COMMA = YES;
				CLANG_WARN_CONSTANT_CONVERSION = YES;
				CLANG_WARN_DEPRECATED_OBJC_IMPLEMENTATIONS = YES;
				CLANG_WARN_DIRECT_OBJC_ISA_USAGE = YES_ERROR;
				CLANG_WARN_DOCUMENTATION_COMMENTS = YES;
				CLANG_WARN_EMPTY_BODY = YES;
				CLANG_WARN_ENUM_CONVERSION = YES;
				CLANG_WARN_INFINITE_RECURSION = YES;
				CLANG_WARN_INT_CONVERSION = YES;
				CLANG_WARN_NON_LITERAL_NULL_CONVERSION = YES;
				CLANG_WARN_OBJC_IMPLICIT_RETAIN_SELF = YES;
				CLANG_WARN_OBJC_LITERAL_CONVERSION = YES;
				CLANG_WARN_OBJC_ROOT_CLASS = YES_ERROR;
				CLANG_WARN_QUOTED_INCLUDE_IN_FRAMEWORK_HEADER = YES;
				CLANG_WARN_RANGE_LOOP_ANALYSIS = YES;
				CLANG_WARN_STRICT_PROTOTYPES = YES;
				CLANG_WARN_SUSPICIOUS_MOVE = YES;
				CLANG_WARN_UNGUARDED_AVAILABILITY = YES_AGGRESSIVE;
				CLANG_WARN_UNREACHABLE_CODE = YES;
				CLANG_WARN__DUPLICATE_METHOD_MATCH = YES;
				COPY_PHASE_STRIP = NO;
				DEBUG_INFORMATION_FORMAT = "dwarf-with-dsym";
				ENABLE_NS_ASSERTIONS = NO;
				ENABLE_STRICT_OBJC_MSGSEND = YES;
				ENABLE_USER_SCRIPT_SANDBOXING = YES;
				GCC_C_LANGUAGE_STANDARD = gnu17;
				GCC_NO_COMMON_BLOCKS = YES;
				GCC_WARN_64_TO_32_BIT_CONVERSION = YES;
				GCC_WARN_ABOUT_RETURN_TYPE = YES_ERROR;
				GCC_WARN_UNDECLARED_SELECTOR = YES;
				GCC_WARN_UNINITIALIZED_AUTOS = YES_AGGRESSIVE;
				GCC_WARN_UNUSED_FUNCTION = YES;
				GCC_WARN_UNUSED_VARIABLE = YES;
				IPHONEOS_DEPLOYMENT_TARGET = 17.5;
				LOCALIZATION_PREFERS_STRING_CATALOGS = YES;
				MTL_ENABLE_DEBUG_INFO = NO;
				MTL_FAST_MATH = YES;
				SDKROOT = iphoneos;
				SWIFT_COMPILATION_MODE = wholemodule;
				VALIDATE_PRODUCT = YES;
			};
			name = Release;
		};
		A988068F2C3564A3005D2F17 /* Debug */ = {
			isa = XCBuildConfiguration;
			buildSettings = {
				ASSETCATALOG_COMPILER_APPICON_NAME = AppIcon;
				ASSETCATALOG_COMPILER_GLOBAL_ACCENT_COLOR_NAME = AccentColor;
				CODE_SIGN_STYLE = Automatic;
				CURRENT_PROJECT_VERSION = 1;
				DEVELOPMENT_ASSET_PATHS = "\"EduMatrix Admin/Preview Content\"";
				ENABLE_PREVIEWS = YES;
				GENERATE_INFOPLIST_FILE = YES;
				INFOPLIST_KEY_UIApplicationSceneManifest_Generation = YES;
				INFOPLIST_KEY_UIApplicationSupportsIndirectInputEvents = YES;
				INFOPLIST_KEY_UILaunchScreen_Generation = YES;
				INFOPLIST_KEY_UISupportedInterfaceOrientations_iPad = "UIInterfaceOrientationPortrait UIInterfaceOrientationPortraitUpsideDown UIInterfaceOrientationLandscapeLeft UIInterfaceOrientationLandscapeRight";
				INFOPLIST_KEY_UISupportedInterfaceOrientations_iPhone = "UIInterfaceOrientationPortrait UIInterfaceOrientationLandscapeLeft UIInterfaceOrientationLandscapeRight";
				LD_RUNPATH_SEARCH_PATHS = (
					"$(inherited)",
					"@executable_path/Frameworks",
				);
				MARKETING_VERSION = 1.0;
				PRODUCT_BUNDLE_IDENTIFIER = "GU.EduMatrix-Admin";
				PRODUCT_NAME = "$(TARGET_NAME)";
				SWIFT_EMIT_LOC_STRINGS = YES;
				SWIFT_VERSION = 5.0;
				TARGETED_DEVICE_FAMILY = "1,2";
			};
			name = Debug;
		};
		A98806902C3564A3005D2F17 /* Release */ = {
			isa = XCBuildConfiguration;
			buildSettings = {
				ASSETCATALOG_COMPILER_APPICON_NAME = AppIcon;
				ASSETCATALOG_COMPILER_GLOBAL_ACCENT_COLOR_NAME = AccentColor;
				CODE_SIGN_STYLE = Automatic;
				CURRENT_PROJECT_VERSION = 1;
				DEVELOPMENT_ASSET_PATHS = "\"EduMatrix Admin/Preview Content\"";
				ENABLE_PREVIEWS = YES;
				GENERATE_INFOPLIST_FILE = YES;
				INFOPLIST_KEY_UIApplicationSceneManifest_Generation = YES;
				INFOPLIST_KEY_UIApplicationSupportsIndirectInputEvents = YES;
				INFOPLIST_KEY_UILaunchScreen_Generation = YES;
				INFOPLIST_KEY_UISupportedInterfaceOrientations_iPad = "UIInterfaceOrientationPortrait UIInterfaceOrientationPortraitUpsideDown UIInterfaceOrientationLandscapeLeft UIInterfaceOrientationLandscapeRight";
				INFOPLIST_KEY_UISupportedInterfaceOrientations_iPhone = "UIInterfaceOrientationPortrait UIInterfaceOrientationLandscapeLeft UIInterfaceOrientationLandscapeRight";
				LD_RUNPATH_SEARCH_PATHS = (
					"$(inherited)",
					"@executable_path/Frameworks",
				);
				MARKETING_VERSION = 1.0;
				PRODUCT_BUNDLE_IDENTIFIER = "GU.EduMatrix-Admin";
				PRODUCT_NAME = "$(TARGET_NAME)";
				SWIFT_EMIT_LOC_STRINGS = YES;
				SWIFT_VERSION = 5.0;
				TARGETED_DEVICE_FAMILY = "1,2";
			};
			name = Release;
		};
/* End XCBuildConfiguration section */

/* Begin XCConfigurationList section */
		A988067B2C3564A1005D2F17 /* Build configuration list for PBXProject "EduMatrix Admin" */ = {
			isa = XCConfigurationList;
			buildConfigurations = (
				A988068C2C3564A3005D2F17 /* Debug */,
				A988068D2C3564A3005D2F17 /* Release */,
			);
			defaultConfigurationIsVisible = 0;
			defaultConfigurationName = Release;
		};
		A988068E2C3564A3005D2F17 /* Build configuration list for PBXNativeTarget "EduMatrix Admin" */ = {
			isa = XCConfigurationList;
			buildConfigurations = (
				A988068F2C3564A3005D2F17 /* Debug */,
				A98806902C3564A3005D2F17 /* Release */,
			);
			defaultConfigurationIsVisible = 0;
			defaultConfigurationName = Release;
		};
/* End XCConfigurationList section */
	};
	rootObject = A98806782C3564A1005D2F17 /* Project object */;
}
